// !$*UTF8*$!
{
	archiveVersion = 1;
	classes = {
	};
	objectVersion = 50;
	objects = {

/* Begin PBXBuildFile section */
		395078E924477A0800D1AE1B /* TeamDetailViewModelTests.swift in Sources */ = {isa = PBXBuildFile; fileRef = 395078E824477A0800D1AE1B /* TeamDetailViewModelTests.swift */; };
		39788E002447369A003FF666 /* TeamListCell.swift in Sources */ = {isa = PBXBuildFile; fileRef = 39788DFF2447369A003FF666 /* TeamListCell.swift */; };
		39A79FE92447421300CD54C1 /* TeamDetailModel.swift in Sources */ = {isa = PBXBuildFile; fileRef = 39A79FE82447421300CD54C1 /* TeamDetailModel.swift */; };
		39A79FEB24474D0F00CD54C1 /* TeamDetailViewController.swift in Sources */ = {isa = PBXBuildFile; fileRef = 39A79FEA24474D0F00CD54C1 /* TeamDetailViewController.swift */; };
		39A79FED24474D5F00CD54C1 /* TeamDetailViewModel.swift in Sources */ = {isa = PBXBuildFile; fileRef = 39A79FEC24474D5F00CD54C1 /* TeamDetailViewModel.swift */; };
		39A79FF624475B7400CD54C1 /* TeamFlagImageCell.swift in Sources */ = {isa = PBXBuildFile; fileRef = 39A79FF524475B7400CD54C1 /* TeamFlagImageCell.swift */; };
		39A79FF824475B8200CD54C1 /* TeamDetailCell.swift in Sources */ = {isa = PBXBuildFile; fileRef = 39A79FF724475B8200CD54C1 /* TeamDetailCell.swift */; };
		39CB2D092447149E001397A4 /* AppDelegate.swift in Sources */ = {isa = PBXBuildFile; fileRef = 39CB2D082447149E001397A4 /* AppDelegate.swift */; };
		39CB2D0B2447149E001397A4 /* SceneDelegate.swift in Sources */ = {isa = PBXBuildFile; fileRef = 39CB2D0A2447149E001397A4 /* SceneDelegate.swift */; };
		39CB2D0D2447149E001397A4 /* TeamListViewController.swift in Sources */ = {isa = PBXBuildFile; fileRef = 39CB2D0C2447149E001397A4 /* TeamListViewController.swift */; };
		39CB2D12244714A0001397A4 /* Assets.xcassets in Resources */ = {isa = PBXBuildFile; fileRef = 39CB2D11244714A0001397A4 /* Assets.xcassets */; };
		39CB2D15244714A0001397A4 /* LaunchScreen.storyboard in Resources */ = {isa = PBXBuildFile; fileRef = 39CB2D13244714A0001397A4 /* LaunchScreen.storyboard */; };
		39CB2D20244714A0001397A4 /* TeamListViewModelTests.swift in Sources */ = {isa = PBXBuildFile; fileRef = 39CB2D1F244714A0001397A4 /* TeamListViewModelTests.swift */; };
		39CB2D2B24471CD8001397A4 /* TeamGroupModel.swift in Sources */ = {isa = PBXBuildFile; fileRef = 39CB2D2A24471CD8001397A4 /* TeamGroupModel.swift */; };
		39CB2D2D24471D7E001397A4 /* DatasourceService.swift in Sources */ = {isa = PBXBuildFile; fileRef = 39CB2D2C24471D7E001397A4 /* DatasourceService.swift */; };
		39CB2D2F24471DC8001397A4 /* WorldCup2018.json in Resources */ = {isa = PBXBuildFile; fileRef = 39CB2D2E24471DC8001397A4 /* WorldCup2018.json */; };
		39CB2D3124471E38001397A4 /* MockDataSourceService.swift in Sources */ = {isa = PBXBuildFile; fileRef = 39CB2D3024471E38001397A4 /* MockDataSourceService.swift */; };
		39CB2D3324471F3A001397A4 /* TeamListViewModel.swift in Sources */ = {isa = PBXBuildFile; fileRef = 39CB2D3224471F3A001397A4 /* TeamListViewModel.swift */; };
/* End PBXBuildFile section */

/* Begin PBXContainerItemProxy section */
		39CB2D1C244714A0001397A4 /* PBXContainerItemProxy */ = {
			isa = PBXContainerItemProxy;
			containerPortal = 39CB2CFD2447149E001397A4 /* Project object */;
			proxyType = 1;
			remoteGlobalIDString = 39CB2D042447149E001397A4;
			remoteInfo = WorldCup2018;
		};
/* End PBXContainerItemProxy section */

/* Begin PBXFileReference section */
		395078E824477A0800D1AE1B /* TeamDetailViewModelTests.swift */ = {isa = PBXFileReference; lastKnownFileType = sourcecode.swift; path = TeamDetailViewModelTests.swift; sourceTree = "<group>"; };
		39788DFF2447369A003FF666 /* TeamListCell.swift */ = {isa = PBXFileReference; lastKnownFileType = sourcecode.swift; path = TeamListCell.swift; sourceTree = "<group>"; };
		39A79FE82447421300CD54C1 /* TeamDetailModel.swift */ = {isa = PBXFileReference; lastKnownFileType = sourcecode.swift; path = TeamDetailModel.swift; sourceTree = "<group>"; };
		39A79FEA24474D0F00CD54C1 /* TeamDetailViewController.swift */ = {isa = PBXFileReference; lastKnownFileType = sourcecode.swift; path = TeamDetailViewController.swift; sourceTree = "<group>"; };
		39A79FEC24474D5F00CD54C1 /* TeamDetailViewModel.swift */ = {isa = PBXFileReference; lastKnownFileType = sourcecode.swift; path = TeamDetailViewModel.swift; sourceTree = "<group>"; };
		39A79FF524475B7400CD54C1 /* TeamFlagImageCell.swift */ = {isa = PBXFileReference; lastKnownFileType = sourcecode.swift; path = TeamFlagImageCell.swift; sourceTree = "<group>"; };
		39A79FF724475B8200CD54C1 /* TeamDetailCell.swift */ = {isa = PBXFileReference; lastKnownFileType = sourcecode.swift; path = TeamDetailCell.swift; sourceTree = "<group>"; };
		39CB2D052447149E001397A4 /* WorldCup2018.app */ = {isa = PBXFileReference; explicitFileType = wrapper.application; includeInIndex = 0; path = WorldCup2018.app; sourceTree = BUILT_PRODUCTS_DIR; };
		39CB2D082447149E001397A4 /* AppDelegate.swift */ = {isa = PBXFileReference; lastKnownFileType = sourcecode.swift; path = AppDelegate.swift; sourceTree = "<group>"; };
		39CB2D0A2447149E001397A4 /* SceneDelegate.swift */ = {isa = PBXFileReference; lastKnownFileType = sourcecode.swift; path = SceneDelegate.swift; sourceTree = "<group>"; };
		39CB2D0C2447149E001397A4 /* TeamListViewController.swift */ = {isa = PBXFileReference; lastKnownFileType = sourcecode.swift; path = TeamListViewController.swift; sourceTree = "<group>"; };
		39CB2D11244714A0001397A4 /* Assets.xcassets */ = {isa = PBXFileReference; lastKnownFileType = folder.assetcatalog; path = Assets.xcassets; sourceTree = "<group>"; };
		39CB2D14244714A0001397A4 /* Base */ = {isa = PBXFileReference; lastKnownFileType = file.storyboard; name = Base; path = Base.lproj/LaunchScreen.storyboard; sourceTree = "<group>"; };
		39CB2D16244714A0001397A4 /* Info.plist */ = {isa = PBXFileReference; lastKnownFileType = text.plist.xml; path = Info.plist; sourceTree = "<group>"; };
		39CB2D1B244714A0001397A4 /* WorldCup2018Tests.xctest */ = {isa = PBXFileReference; explicitFileType = wrapper.cfbundle; includeInIndex = 0; path = WorldCup2018Tests.xctest; sourceTree = BUILT_PRODUCTS_DIR; };
		39CB2D1F244714A0001397A4 /* TeamListViewModelTests.swift */ = {isa = PBXFileReference; lastKnownFileType = sourcecode.swift; path = TeamListViewModelTests.swift; sourceTree = "<group>"; };
		39CB2D21244714A0001397A4 /* Info.plist */ = {isa = PBXFileReference; lastKnownFileType = text.plist.xml; path = Info.plist; sourceTree = "<group>"; };
		39CB2D2A24471CD8001397A4 /* TeamGroupModel.swift */ = {isa = PBXFileReference; lastKnownFileType = sourcecode.swift; path = TeamGroupModel.swift; sourceTree = "<group>"; };
		39CB2D2C24471D7E001397A4 /* DatasourceService.swift */ = {isa = PBXFileReference; lastKnownFileType = sourcecode.swift; path = DatasourceService.swift; sourceTree = "<group>"; };
		39CB2D2E24471DC8001397A4 /* WorldCup2018.json */ = {isa = PBXFileReference; fileEncoding = 4; lastKnownFileType = text.json; path = WorldCup2018.json; sourceTree = "<group>"; };
		39CB2D3024471E38001397A4 /* MockDataSourceService.swift */ = {isa = PBXFileReference; lastKnownFileType = sourcecode.swift; path = MockDataSourceService.swift; sourceTree = "<group>"; };
		39CB2D3224471F3A001397A4 /* TeamListViewModel.swift */ = {isa = PBXFileReference; lastKnownFileType = sourcecode.swift; path = TeamListViewModel.swift; sourceTree = "<group>"; };
/* End PBXFileReference section */

/* Begin PBXFrameworksBuildPhase section */
		39CB2D022447149E001397A4 /* Frameworks */ = {
			isa = PBXFrameworksBuildPhase;
			buildActionMask = 2147483647;
			files = (
			);
			runOnlyForDeploymentPostprocessing = 0;
		};
		39CB2D18244714A0001397A4 /* Frameworks */ = {
			isa = PBXFrameworksBuildPhase;
			buildActionMask = 2147483647;
			files = (
			);
			runOnlyForDeploymentPostprocessing = 0;
		};
/* End PBXFrameworksBuildPhase section */

/* Begin PBXGroup section */
		39A79FF024475A9900CD54C1 /* ViewController */ = {
			isa = PBXGroup;
			children = (
				39CB2D0C2447149E001397A4 /* TeamListViewController.swift */,
				39A79FEA24474D0F00CD54C1 /* TeamDetailViewController.swift */,
			);
			path = ViewController;
			sourceTree = "<group>";
		};
		39A79FF124475AA600CD54C1 /* View */ = {
			isa = PBXGroup;
			children = (
				39788DFF2447369A003FF666 /* TeamListCell.swift */,
				39A79FF524475B7400CD54C1 /* TeamFlagImageCell.swift */,
				39A79FF724475B8200CD54C1 /* TeamDetailCell.swift */,
			);
			path = View;
			sourceTree = "<group>";
		};
		39A79FF224475AAF00CD54C1 /* ViewModel */ = {
			isa = PBXGroup;
			children = (
				39CB2D3224471F3A001397A4 /* TeamListViewModel.swift */,
				39A79FEC24474D5F00CD54C1 /* TeamDetailViewModel.swift */,
			);
			path = ViewModel;
			sourceTree = "<group>";
		};
		39A79FF324475ABC00CD54C1 /* Model */ = {
			isa = PBXGroup;
			children = (
				39CB2D2A24471CD8001397A4 /* TeamGroupModel.swift */,
				39A79FE82447421300CD54C1 /* TeamDetailModel.swift */,
			);
			path = Model;
			sourceTree = "<group>";
		};
		39A79FF424475AC200CD54C1 /* DataService */ = {
			isa = PBXGroup;
			children = (
				39CB2D2C24471D7E001397A4 /* DatasourceService.swift */,
			);
			path = DataService;
			sourceTree = "<group>";
		};
		39CB2CFC2447149E001397A4 = {
			isa = PBXGroup;
			children = (
				39CB2D072447149E001397A4 /* WorldCup2018 */,
				39CB2D1E244714A0001397A4 /* WorldCup2018Tests */,
				39CB2D062447149E001397A4 /* Products */,
			);
			sourceTree = "<group>";
		};
		39CB2D062447149E001397A4 /* Products */ = {
			isa = PBXGroup;
			children = (
				39CB2D052447149E001397A4 /* WorldCup2018.app */,
				39CB2D1B244714A0001397A4 /* WorldCup2018Tests.xctest */,
			);
			name = Products;
			sourceTree = "<group>";
		};
		39CB2D072447149E001397A4 /* WorldCup2018 */ = {
			isa = PBXGroup;
			children = (
				39CB2D082447149E001397A4 /* AppDelegate.swift */,
				39CB2D0A2447149E001397A4 /* SceneDelegate.swift */,
				39A79FF124475AA600CD54C1 /* View */,
				39A79FF024475A9900CD54C1 /* ViewController */,
				39A79FF224475AAF00CD54C1 /* ViewModel */,
				39A79FF324475ABC00CD54C1 /* Model */,
				39A79FF424475AC200CD54C1 /* DataService */,
				39CB2D2E24471DC8001397A4 /* WorldCup2018.json */,
				39CB2D11244714A0001397A4 /* Assets.xcassets */,
				39CB2D13244714A0001397A4 /* LaunchScreen.storyboard */,
				39CB2D16244714A0001397A4 /* Info.plist */,
			);
			path = WorldCup2018;
			sourceTree = "<group>";
		};
		39CB2D1E244714A0001397A4 /* WorldCup2018Tests */ = {
			isa = PBXGroup;
			children = (
				39CB2D3024471E38001397A4 /* MockDataSourceService.swift */,
				39CB2D1F244714A0001397A4 /* TeamListViewModelTests.swift */,
				395078E824477A0800D1AE1B /* TeamDetailViewModelTests.swift */,
				39CB2D21244714A0001397A4 /* Info.plist */,
			);
			path = WorldCup2018Tests;
			sourceTree = "<group>";
		};
/* End PBXGroup section */

/* Begin PBXNativeTarget section */
		39CB2D042447149E001397A4 /* WorldCup2018 */ = {
			isa = PBXNativeTarget;
			buildConfigurationList = 39CB2D24244714A0001397A4 /* Build configuration list for PBXNativeTarget "WorldCup2018" */;
			buildPhases = (
				39CB2D012447149E001397A4 /* Sources */,
				39CB2D022447149E001397A4 /* Frameworks */,
				39CB2D032447149E001397A4 /* Resources */,
			);
			buildRules = (
			);
			dependencies = (
			);
			name = WorldCup2018;
			productName = WorldCup2018;
			productReference = 39CB2D052447149E001397A4 /* WorldCup2018.app */;
			productType = "com.apple.product-type.application";
		};
		39CB2D1A244714A0001397A4 /* WorldCup2018Tests */ = {
			isa = PBXNativeTarget;
			buildConfigurationList = 39CB2D27244714A0001397A4 /* Build configuration list for PBXNativeTarget "WorldCup2018Tests" */;
			buildPhases = (
				39CB2D17244714A0001397A4 /* Sources */,
				39CB2D18244714A0001397A4 /* Frameworks */,
				39CB2D19244714A0001397A4 /* Resources */,
			);
			buildRules = (
			);
			dependencies = (
				39CB2D1D244714A0001397A4 /* PBXTargetDependency */,
			);
			name = WorldCup2018Tests;
			productName = WorldCup2018Tests;
			productReference = 39CB2D1B244714A0001397A4 /* WorldCup2018Tests.xctest */;
			productType = "com.apple.product-type.bundle.unit-test";
		};
/* End PBXNativeTarget section */

/* Begin PBXProject section */
		39CB2CFD2447149E001397A4 /* Project object */ = {
			isa = PBXProject;
			attributes = {
				LastSwiftUpdateCheck = 1130;
				LastUpgradeCheck = 1130;
				ORGANIZATIONNAME = Lee;
				TargetAttributes = {
					39CB2D042447149E001397A4 = {
						CreatedOnToolsVersion = 11.3;
					};
					39CB2D1A244714A0001397A4 = {
						CreatedOnToolsVersion = 11.3;
						TestTargetID = 39CB2D042447149E001397A4;
					};
				};
			};
			buildConfigurationList = 39CB2D002447149E001397A4 /* Build configuration list for PBXProject "WorldCup2018" */;
			compatibilityVersion = "Xcode 9.3";
			developmentRegion = en;
			hasScannedForEncodings = 0;
			knownRegions = (
				en,
				Base,
			);
			mainGroup = 39CB2CFC2447149E001397A4;
			productRefGroup = 39CB2D062447149E001397A4 /* Products */;
			projectDirPath = "";
			projectRoot = "";
			targets = (
				39CB2D042447149E001397A4 /* WorldCup2018 */,
				39CB2D1A244714A0001397A4 /* WorldCup2018Tests */,
			);
		};
/* End PBXProject section */

/* Begin PBXResourcesBuildPhase section */
		39CB2D032447149E001397A4 /* Resources */ = {
			isa = PBXResourcesBuildPhase;
			buildActionMask = 2147483647;
			files = (
				39CB2D2F24471DC8001397A4 /* WorldCup2018.json in Resources */,
				39CB2D15244714A0001397A4 /* LaunchScreen.storyboard in Resources */,
				39CB2D12244714A0001397A4 /* Assets.xcassets in Resources */,
			);
			runOnlyForDeploymentPostprocessing = 0;
		};
		39CB2D19244714A0001397A4 /* Resources */ = {
			isa = PBXResourcesBuildPhase;
			buildActionMask = 2147483647;
			files = (
			);
			runOnlyForDeploymentPostprocessing = 0;
		};
/* End PBXResourcesBuildPhase section */

/* Begin PBXSourcesBuildPhase section */
		39CB2D012447149E001397A4 /* Sources */ = {
			isa = PBXSourcesBuildPhase;
			buildActionMask = 2147483647;
			files = (
				39CB2D0D2447149E001397A4 /* TeamListViewController.swift in Sources */,
				39A79FEB24474D0F00CD54C1 /* TeamDetailViewController.swift in Sources */,
				39CB2D092447149E001397A4 /* AppDelegate.swift in Sources */,
				39788E002447369A003FF666 /* TeamListCell.swift in Sources */,
				39A79FED24474D5F00CD54C1 /* TeamDetailViewModel.swift in Sources */,
				39A79FF824475B8200CD54C1 /* TeamDetailCell.swift in Sources */,
				39A79FE92447421300CD54C1 /* TeamDetailModel.swift in Sources */,
				39CB2D2D24471D7E001397A4 /* DatasourceService.swift in Sources */,
				39CB2D2B24471CD8001397A4 /* TeamGroupModel.swift in Sources */,
				39CB2D0B2447149E001397A4 /* SceneDelegate.swift in Sources */,
				39A79FF624475B7400CD54C1 /* TeamFlagImageCell.swift in Sources */,
				39CB2D3324471F3A001397A4 /* TeamListViewModel.swift in Sources */,
			);
			runOnlyForDeploymentPostprocessing = 0;
		};
		39CB2D17244714A0001397A4 /* Sources */ = {
			isa = PBXSourcesBuildPhase;
			buildActionMask = 2147483647;
			files = (
				39CB2D3124471E38001397A4 /* MockDataSourceService.swift in Sources */,
				39CB2D20244714A0001397A4 /* TeamListViewModelTests.swift in Sources */,
				395078E924477A0800D1AE1B /* TeamDetailViewModelTests.swift in Sources */,
			);
			runOnlyForDeploymentPostprocessing = 0;
		};
/* End PBXSourcesBuildPhase section */

/* Begin PBXTargetDependency section */
		39CB2D1D244714A0001397A4 /* PBXTargetDependency */ = {
			isa = PBXTargetDependency;
			target = 39CB2D042447149E001397A4 /* WorldCup2018 */;
			targetProxy = 39CB2D1C244714A0001397A4 /* PBXContainerItemProxy */;
		};
/* End PBXTargetDependency section */

/* Begin PBXVariantGroup section */
		39CB2D13244714A0001397A4 /* LaunchScreen.storyboard */ = {
			isa = PBXVariantGroup;
			children = (
				39CB2D14244714A0001397A4 /* Base */,
			);
			name = LaunchScreen.storyboard;
			sourceTree = "<group>";
		};
/* End PBXVariantGroup section */

/* Begin XCBuildConfiguration section */
		39CB2D22244714A0001397A4 /* Debug */ = {
			isa = XCBuildConfiguration;
			buildSettings = {
				ALWAYS_SEARCH_USER_PATHS = NO;
				CLANG_ANALYZER_NONNULL = YES;
				CLANG_ANALYZER_NUMBER_OBJECT_CONVERSION = YES_AGGRESSIVE;
				CLANG_CXX_LANGUAGE_STANDARD = "gnu++14";
				CLANG_CXX_LIBRARY = "libc++";
				CLANG_ENABLE_MODULES = YES;
				CLANG_ENABLE_OBJC_ARC = YES;
				CLANG_ENABLE_OBJC_WEAK = YES;
				CLANG_WARN_BLOCK_CAPTURE_AUTORELEASING = YES;
				CLANG_WARN_BOOL_CONVERSION = YES;
				CLANG_WARN_COMMA = YES;
				CLANG_WARN_CONSTANT_CONVERSION = YES;
				CLANG_WARN_DEPRECATED_OBJC_IMPLEMENTATIONS = YES;
				CLANG_WARN_DIRECT_OBJC_ISA_USAGE = YES_ERROR;
				CLANG_WARN_DOCUMENTATION_COMMENTS = YES;
				CLANG_WARN_EMPTY_BODY = YES;
				CLANG_WARN_ENUM_CONVERSION = YES;
				CLANG_WARN_INFINITE_RECURSION = YES;
				CLANG_WARN_INT_CONVERSION = YES;
				CLANG_WARN_NON_LITERAL_NULL_CONVERSION = YES;
				CLANG_WARN_OBJC_IMPLICIT_RETAIN_SELF = YES;
				CLANG_WARN_OBJC_LITERAL_CONVERSION = YES;
				CLANG_WARN_OBJC_ROOT_CLASS = YES_ERROR;
				CLANG_WARN_RANGE_LOOP_ANALYSIS = YES;
				CLANG_WARN_STRICT_PROTOTYPES = YES;
				CLANG_WARN_SUSPICIOUS_MOVE = YES;
				CLANG_WARN_UNGUARDED_AVAILABILITY = YES_AGGRESSIVE;
				CLANG_WARN_UNREACHABLE_CODE = YES;
				CLANG_WARN__DUPLICATE_METHOD_MATCH = YES;
				COPY_PHASE_STRIP = NO;
				DEBUG_INFORMATION_FORMAT = dwarf;
				ENABLE_STRICT_OBJC_MSGSEND = YES;
				ENABLE_TESTABILITY = YES;
				GCC_C_LANGUAGE_STANDARD = gnu11;
				GCC_DYNAMIC_NO_PIC = NO;
				GCC_NO_COMMON_BLOCKS = YES;
				GCC_OPTIMIZATION_LEVEL = 0;
				GCC_PREPROCESSOR_DEFINITIONS = (
					"DEBUG=1",
					"$(inherited)",
				);
				GCC_WARN_64_TO_32_BIT_CONVERSION = YES;
				GCC_WARN_ABOUT_RETURN_TYPE = YES_ERROR;
				GCC_WARN_UNDECLARED_SELECTOR = YES;
				GCC_WARN_UNINITIALIZED_AUTOS = YES_AGGRESSIVE;
				GCC_WARN_UNUSED_FUNCTION = YES;
				GCC_WARN_UNUSED_VARIABLE = YES;
				IPHONEOS_DEPLOYMENT_TARGET = 13.2;
				MTL_ENABLE_DEBUG_INFO = INCLUDE_SOURCE;
				MTL_FAST_MATH = YES;
				ONLY_ACTIVE_ARCH = YES;
				SDKROOT = iphoneos;
				SWIFT_ACTIVE_COMPILATION_CONDITIONS = DEBUG;
				SWIFT_OPTIMIZATION_LEVEL = "-Onone";
			};
			name = Debug;
		};
		39CB2D23244714A0001397A4 /* Release */ = {
			isa = XCBuildConfiguration;
			buildSettings = {
				ALWAYS_SEARCH_USER_PATHS = NO;
				CLANG_ANALYZER_NONNULL = YES;
				CLANG_ANALYZER_NUMBER_OBJECT_CONVERSION = YES_AGGRESSIVE;
				CLANG_CXX_LANGUAGE_STANDARD = "gnu++14";
				CLANG_CXX_LIBRARY = "libc++";
				CLANG_ENABLE_MODULES = YES;
				CLANG_ENABLE_OBJC_ARC = YES;
				CLANG_ENABLE_OBJC_WEAK = YES;
				CLANG_WARN_BLOCK_CAPTURE_AUTORELEASING = YES;
				CLANG_WARN_BOOL_CONVERSION = YES;
				CLANG_WARN_COMMA = YES;
				CLANG_WARN_CONSTANT_CONVERSION = YES;
				CLANG_WARN_DEPRECATED_OBJC_IMPLEMENTATIONS = YES;
				CLANG_WARN_DIRECT_OBJC_ISA_USAGE = YES_ERROR;
				CLANG_WARN_DOCUMENTATION_COMMENTS = YES;
				CLANG_WARN_EMPTY_BODY = YES;
				CLANG_WARN_ENUM_CONVERSION = YES;
				CLANG_WARN_INFINITE_RECURSION = YES;
				CLANG_WARN_INT_CONVERSION = YES;
				CLANG_WARN_NON_LITERAL_NULL_CONVERSION = YES;
				CLANG_WARN_OBJC_IMPLICIT_RETAIN_SELF = YES;
				CLANG_WARN_OBJC_LITERAL_CONVERSION = YES;
				CLANG_WARN_OBJC_ROOT_CLASS = YES_ERROR;
				CLANG_WARN_RANGE_LOOP_ANALYSIS = YES;
				CLANG_WARN_STRICT_PROTOTYPES = YES;
				CLANG_WARN_SUSPICIOUS_MOVE = YES;
				CLANG_WARN_UNGUARDED_AVAILABILITY = YES_AGGRESSIVE;
				CLANG_WARN_UNREACHABLE_CODE = YES;
				CLANG_WARN__DUPLICATE_METHOD_MATCH = YES;
				COPY_PHASE_STRIP = NO;
				DEBUG_INFORMATION_FORMAT = "dwarf-with-dsym";
				ENABLE_NS_ASSERTIONS = NO;
				ENABLE_STRICT_OBJC_MSGSEND = YES;
				GCC_C_LANGUAGE_STANDARD = gnu11;
				GCC_NO_COMMON_BLOCKS = YES;
				GCC_WARN_64_TO_32_BIT_CONVERSION = YES;
				GCC_WARN_ABOUT_RETURN_TYPE = YES_ERROR;
				GCC_WARN_UNDECLARED_SELECTOR = YES;
				GCC_WARN_UNINITIALIZED_AUTOS = YES_AGGRESSIVE;
				GCC_WARN_UNUSED_FUNCTION = YES;
				GCC_WARN_UNUSED_VARIABLE = YES;
				IPHONEOS_DEPLOYMENT_TARGET = 13.2;
				MTL_ENABLE_DEBUG_INFO = NO;
				MTL_FAST_MATH = YES;
				SDKROOT = iphoneos;
				SWIFT_COMPILATION_MODE = wholemodule;
				SWIFT_OPTIMIZATION_LEVEL = "-O";
				VALIDATE_PRODUCT = YES;
			};
			name = Release;
		};
		39CB2D25244714A0001397A4 /* Debug */ = {
			isa = XCBuildConfiguration;
			buildSettings = {
				ASSETCATALOG_COMPILER_APPICON_NAME = AppIcon;
				CODE_SIGN_STYLE = Automatic;
				DEVELOPMENT_TEAM = 2QPYZY5Q25;
				INFOPLIST_FILE = WorldCup2018/Info.plist;
				LD_RUNPATH_SEARCH_PATHS = (
					"$(inherited)",
					"@executable_path/Frameworks",
				);
				PRODUCT_BUNDLE_IDENTIFIER = com.lee.WorldCup2018;
				PRODUCT_NAME = "$(TARGET_NAME)";
				SWIFT_VERSION = 5.0;
				TARGETED_DEVICE_FAMILY = "1,2";
			};
			name = Debug;
		};
		39CB2D26244714A0001397A4 /* Release */ = {
			isa = XCBuildConfiguration;
			buildSettings = {
				ASSETCATALOG_COMPILER_APPICON_NAME = AppIcon;
				CODE_SIGN_STYLE = Automatic;
				DEVELOPMENT_TEAM = 2QPYZY5Q25;
				INFOPLIST_FILE = WorldCup2018/Info.plist;
				LD_RUNPATH_SEARCH_PATHS = (
					"$(inherited)",
					"@executable_path/Frameworks",
				);
				PRODUCT_BUNDLE_IDENTIFIER = com.lee.WorldCup2018;
				PRODUCT_NAME = "$(TARGET_NAME)";
				SWIFT_VERSION = 5.0;
				TARGETED_DEVICE_FAMILY = "1,2";
			};
			name = Release;
		};
		39CB2D28244714A0001397A4 /* Debug */ = {
			isa = XCBuildConfiguration;
			buildSettings = {
				ALWAYS_EMBED_SWIFT_STANDARD_LIBRARIES = YES;
				BUNDLE_LOADER = "$(TEST_HOST)";
				CODE_SIGN_STYLE = Automatic;
				DEVELOPMENT_TEAM = 2QPYZY5Q25;
				INFOPLIST_FILE = WorldCup2018Tests/Info.plist;
				IPHONEOS_DEPLOYMENT_TARGET = 13.2;
				LD_RUNPATH_SEARCH_PATHS = (
					"$(inherited)",
					"@executable_path/Frameworks",
					"@loader_path/Frameworks",
				);
				PRODUCT_BUNDLE_IDENTIFIER = com.lee.WorldCup2018Tests;
				PRODUCT_NAME = "$(TARGET_NAME)";
				SWIFT_VERSION = 5.0;
				TARGETED_DEVICE_FAMILY = "1,2";
				TEST_HOST = "$(BUILT_PRODUCTS_DIR)/WorldCup2018.app/WorldCup2018";
			};
			name = Debug;
		};
		39CB2D29244714A0001397A4 /* Release */ = {
			isa = XCBuildConfiguration;
			buildSettings = {
				ALWAYS_EMBED_SWIFT_STANDARD_LIBRARIES = YES;
				BUNDLE_LOADER = "$(TEST_HOST)";
				CODE_SIGN_STYLE = Automatic;
				DEVELOPMENT_TEAM = 2QPYZY5Q25;
				INFOPLIST_FILE = WorldCup2018Tests/Info.plist;
				IPHONEOS_DEPLOYMENT_TARGET = 13.2;
				LD_RUNPATH_SEARCH_PATHS = (
					"$(inherited)",
					"@executable_path/Frameworks",
					"@loader_path/Frameworks",
				);
				PRODUCT_BUNDLE_IDENTIFIER = com.lee.WorldCup2018Tests;
				PRODUCT_NAME = "$(TARGET_NAME)";
				SWIFT_VERSION = 5.0;
				TARGETED_DEVICE_FAMILY = "1,2";
				TEST_HOST = "$(BUILT_PRODUCTS_DIR)/WorldCup2018.app/WorldCup2018";
			};
			name = Release;
		};
/* End XCBuildConfiguration section */

/* Begin XCConfigurationList section */
		39CB2D002447149E001397A4 /* Build configuration list for PBXProject "WorldCup2018" */ = {
			isa = XCConfigurationList;
			buildConfigurations = (
				39CB2D22244714A0001397A4 /* Debug */,
				39CB2D23244714A0001397A4 /* Release */,
			);
			defaultConfigurationIsVisible = 0;
			defaultConfigurationName = Release;
		};
		39CB2D24244714A0001397A4 /* Build configuration list for PBXNativeTarget "WorldCup2018" */ = {
			isa = XCConfigurationList;
			buildConfigurations = (
				39CB2D25244714A0001397A4 /* Debug */,
				39CB2D26244714A0001397A4 /* Release */,
			);
			defaultConfigurationIsVisible = 0;
			defaultConfigurationName = Release;
		};
		39CB2D27244714A0001397A4 /* Build configuration list for PBXNativeTarget "WorldCup2018Tests" */ = {
			isa = XCConfigurationList;
			buildConfigurations = (
				39CB2D28244714A0001397A4 /* Debug */,
				39CB2D29244714A0001397A4 /* Release */,
			);
			defaultConfigurationIsVisible = 0;
			defaultConfigurationName = Release;
		};
/* End XCConfigurationList section */
	};
	rootObject = 39CB2CFD2447149E001397A4 /* Project object */;
}
